
Microsoft Visual Studio Solution File, Format Version 12.00
# Visual Studio 15
VisualStudioVersion = 15.0.26730.16
MinimumVisualStudioVersion = 10.0.40219.1
Project("{FAE04EC0-301F-11D3-BF4B-00C04F79EFBC}") = "CFLServer", "CFLServer\CFLServer.csproj", "{FD5E6CE0-C79B-4618-BF38-39DD3038D02C}"
	ProjectSection(ProjectDependencies) = postProject
		{A83E50CC-D76C-485E-AEDA-A5CD230FA3B8} = {A83E50CC-D76C-485E-AEDA-A5CD230FA3B8}
	EndProjectSection
EndProject
Project("{FAE04EC0-301F-11D3-BF4B-00C04F79EFBC}") = "CFL_1", "CFLServerData\CFL_1.csproj", "{A83E50CC-D76C-485E-AEDA-A5CD230FA3B8}"
EndProject
Global
	GlobalSection(SolutionConfigurationPlatforms) = preSolution
		Debug|Any CPU = Debug|Any CPU
		Release|Any CPU = Release|Any CPU
	EndGlobalSection
	GlobalSection(ProjectConfigurationPlatforms) = postSolution
		{FD5E6CE0-C79B-4618-BF38-39DD3038D02C}.Debug|Any CPU.ActiveCfg = Debug|Any CPU
		{FD5E6CE0-C79B-4618-BF38-39DD3038D02C}.Debug|Any CPU.Build.0 = Debug|Any CPU
		{FD5E6CE0-C79B-4618-BF38-39DD3038D02C}.Release|Any CPU.ActiveCfg = Release|Any CPU
		{FD5E6CE0-C79B-4618-BF38-39DD3038D02C}.Release|Any CPU.Build.0 = Release|Any CPU
		{A83E50CC-D76C-485E-AEDA-A5CD230FA3B8}.Debug|Any CPU.ActiveCfg = Debug|Any CPU
		{A83E50CC-D76C-485E-AEDA-A5CD230FA3B8}.Debug|Any CPU.Build.0 = Debug|Any CPU
		{A83E50CC-D76C-485E-AEDA-A5CD230FA3B8}.Release|Any CPU.ActiveCfg = Release|Any CPU
		{A83E50CC-D76C-485E-AEDA-A5CD230FA3B8}.Release|Any CPU.Build.0 = Release|Any CPU
	EndGlobalSection
	GlobalSection(SolutionProperties) = preSolution
		HideSolutionNode = FALSE
	EndGlobalSection
	GlobalSection(ExtensibilityGlobals) = postSolution
		SolutionGuid = {24E4F4D0-1ECE-4CFB-A99B-5C1B0346A06C}
	EndGlobalSection
EndGlobal
